
Microsoft Visual Studio Solution File, Format Version 12.00
# Visual Studio Version 17
VisualStudioVersion = 17.7.34221.43
MinimumVisualStudioVersion = 10.0.40219.1
Project("{FAE04EC0-301F-11D3-BF4B-00C04F79EFBC}") = "ShopOnline.Web", "ShopOnline.Web\ShopOnline.Web.csproj", "{52A9409C-BE54-4659-AFC3-E082F174C30E}"
EndProject
Project("{FAE04EC0-301F-11D3-BF4B-00C04F79EFBC}") = "ShopOnline.Api", "ShopOnline.Api\ShopOnline.Api.csproj", "{CAE30A7A-9AE3-4D2A-B047-68055AF3EEB8}"
EndProject
Global
	GlobalSection(SolutionConfigurationPlatforms) = preSolution
		Debug|Any CPU = Debug|Any CPU
		Release|Any CPU = Release|Any CPU
	EndGlobalSection
	GlobalSection(ProjectConfigurationPlatforms) = postSolution
		{52A9409C-BE54-4659-AFC3-E082F174C30E}.Debug|Any CPU.ActiveCfg = Debug|Any CPU
		{52A9409C-BE54-4659-AFC3-E082F174C30E}.Debug|Any CPU.Build.0 = Debug|Any CPU
		{52A9409C-BE54-4659-AFC3-E082F174C30E}.Release|Any CPU.ActiveCfg = Release|Any CPU
		{52A9409C-BE54-4659-AFC3-E082F174C30E}.Release|Any CPU.Build.0 = Release|Any CPU
		{CAE30A7A-9AE3-4D2A-B047-68055AF3EEB8}.Debug|Any CPU.ActiveCfg = Debug|Any CPU
		{CAE30A7A-9AE3-4D2A-B047-68055AF3EEB8}.Debug|Any CPU.Build.0 = Debug|Any CPU
		{CAE30A7A-9AE3-4D2A-B047-68055AF3EEB8}.Release|Any CPU.ActiveCfg = Release|Any CPU
		{CAE30A7A-9AE3-4D2A-B047-68055AF3EEB8}.Release|Any CPU.Build.0 = Release|Any CPU
	EndGlobalSection
	GlobalSection(SolutionProperties) = preSolution
		HideSolutionNode = FALSE
	EndGlobalSection
	GlobalSection(ExtensibilityGlobals) = postSolution
		SolutionGuid = {64C7F249-F51C-4E7D-BC2C-551EE51467AB}
	EndGlobalSection
EndGlobal
